// !$*UTF8*$!
{
	archiveVersion = 1;
	classes = {
	};
	objectVersion = 48;
	objects = {

/* Begin PBXBuildFile section */
		75D6AD1F2005DB37008E76A3 /* QXMessageView.Demo.bundle in Resources */ = {isa = PBXBuildFile; fileRef = 75D6AD1C2005DB37008E76A3 /* QXMessageView.Demo.bundle */; };
		75D6AD202005DB37008E76A3 /* QXMessageView.Demos.swift in Sources */ = {isa = PBXBuildFile; fileRef = 75D6AD1D2005DB37008E76A3 /* QXMessageView.Demos.swift */; };
		75D6AD212005DB37008E76A3 /* QXMessageView.swift in Sources */ = {isa = PBXBuildFile; fileRef = 75D6AD1E2005DB37008E76A3 /* QXMessageView.swift */; };
		75FE3B131FEBD81200CFCC86 /* AppDelegate.swift in Sources */ = {isa = PBXBuildFile; fileRef = 75FE3B121FEBD81200CFCC86 /* AppDelegate.swift */; };
		75FE3B151FEBD81200CFCC86 /* ViewController.swift in Sources */ = {isa = PBXBuildFile; fileRef = 75FE3B141FEBD81200CFCC86 /* ViewController.swift */; };
		75FE3B181FEBD81200CFCC86 /* Main.storyboard in Resources */ = {isa = PBXBuildFile; fileRef = 75FE3B161FEBD81200CFCC86 /* Main.storyboard */; };
		75FE3B1A1FEBD81200CFCC86 /* Assets.xcassets in Resources */ = {isa = PBXBuildFile; fileRef = 75FE3B191FEBD81200CFCC86 /* Assets.xcassets */; };
		75FE3B1D1FEBD81200CFCC86 /* LaunchScreen.storyboard in Resources */ = {isa = PBXBuildFile; fileRef = 75FE3B1B1FEBD81200CFCC86 /* LaunchScreen.storyboard */; };
/* End PBXBuildFile section */

/* Begin PBXFileReference section */
		75D6AD1C2005DB37008E76A3 /* QXMessageView.Demo.bundle */ = {isa = PBXFileReference; lastKnownFileType = "wrapper.plug-in"; path = QXMessageView.Demo.bundle; sourceTree = "<group>"; };
		75D6AD1D2005DB37008E76A3 /* QXMessageView.Demos.swift */ = {isa = PBXFileReference; fileEncoding = 4; lastKnownFileType = sourcecode.swift; path = QXMessageView.Demos.swift; sourceTree = "<group>"; };
		75D6AD1E2005DB37008E76A3 /* QXMessageView.swift */ = {isa = PBXFileReference; fileEncoding = 4; lastKnownFileType = sourcecode.swift; path = QXMessageView.swift; sourceTree = "<group>"; };
		75FE3B0F1FEBD81200CFCC86 /* QXMessageView.app */ = {isa = PBXFileReference; explicitFileType = wrapper.application; includeInIndex = 0; path = QXMessageView.app; sourceTree = BUILT_PRODUCTS_DIR; };
		75FE3B121FEBD81200CFCC86 /* AppDelegate.swift */ = {isa = PBXFileReference; lastKnownFileType = sourcecode.swift; path = AppDelegate.swift; sourceTree = "<group>"; };
		75FE3B141FEBD81200CFCC86 /* ViewController.swift */ = {isa = PBXFileReference; lastKnownFileType = sourcecode.swift; path = ViewController.swift; sourceTree = "<group>"; };
		75FE3B171FEBD81200CFCC86 /* Base */ = {isa = PBXFileReference; lastKnownFileType = file.storyboard; name = Base; path = Base.lproj/Main.storyboard; sourceTree = "<group>"; };
		75FE3B191FEBD81200CFCC86 /* Assets.xcassets */ = {isa = PBXFileReference; lastKnownFileType = folder.assetcatalog; path = Assets.xcassets; sourceTree = "<group>"; };
		75FE3B1C1FEBD81200CFCC86 /* Base */ = {isa = PBXFileReference; lastKnownFileType = file.storyboard; name = Base; path = Base.lproj/LaunchScreen.storyboard; sourceTree = "<group>"; };
		75FE3B1E1FEBD81200CFCC86 /* Info.plist */ = {isa = PBXFileReference; lastKnownFileType = text.plist.xml; path = Info.plist; sourceTree = "<group>"; };
/* End PBXFileReference section */

/* Begin PBXFrameworksBuildPhase section */
		75FE3B0C1FEBD81200CFCC86 /* Frameworks */ = {
			isa = PBXFrameworksBuildPhase;
			buildActionMask = 2147483647;
			files = (
			);
			runOnlyForDeploymentPostprocessing = 0;
		};
/* End PBXFrameworksBuildPhase section */

/* Begin PBXGroup section */
		75D6AD1B2005DB37008E76A3 /* QXMessageView */ = {
			isa = PBXGroup;
			children = (
				75D6AD1C2005DB37008E76A3 /* QXMessageView.Demo.bundle */,
				75D6AD1D2005DB37008E76A3 /* QXMessageView.Demos.swift */,
				75D6AD1E2005DB37008E76A3 /* QXMessageView.swift */,
			);
			path = QXMessageView;
			sourceTree = "<group>";
		};
		75FE3B061FEBD81200CFCC86 = {
			isa = PBXGroup;
			children = (
				75FE3B111FEBD81200CFCC86 /* QXMessageView */,
				75FE3B101FEBD81200CFCC86 /* Products */,
			);
			sourceTree = "<group>";
		};
		75FE3B101FEBD81200CFCC86 /* Products */ = {
			isa = PBXGroup;
			children = (
				75FE3B0F1FEBD81200CFCC86 /* QXMessageView.app */,
			);
			name = Products;
			sourceTree = "<group>";
		};
		75FE3B111FEBD81200CFCC86 /* QXMessageView */ = {
			isa = PBXGroup;
			children = (
				75D6AD1B2005DB37008E76A3 /* QXMessageView */,
				75FE3B121FEBD81200CFCC86 /* AppDelegate.swift */,
				75FE3B141FEBD81200CFCC86 /* ViewController.swift */,
				75FE3B161FEBD81200CFCC86 /* Main.storyboard */,
				75FE3B191FEBD81200CFCC86 /* Assets.xcassets */,
				75FE3B1B1FEBD81200CFCC86 /* LaunchScreen.storyboard */,
				75FE3B1E1FEBD81200CFCC86 /* Info.plist */,
			);
			path = QXMessageView;
			sourceTree = "<group>";
		};
/* End PBXGroup section */

/* Begin PBXNativeTarget section */
		75FE3B0E1FEBD81200CFCC86 /* QXMessageView */ = {
			isa = PBXNativeTarget;
			buildConfigurationList = 75FE3B211FEBD81200CFCC86 /* Build configuration list for PBXNativeTarget "QXMessageView" */;
			buildPhases = (
				75FE3B0B1FEBD81200CFCC86 /* Sources */,
				75FE3B0C1FEBD81200CFCC86 /* Frameworks */,
				75FE3B0D1FEBD81200CFCC86 /* Resources */,
			);
			buildRules = (
			);
			dependencies = (
			);
			name = QXMessageView;
			productName = QXMessageView;
			productReference = 75FE3B0F1FEBD81200CFCC86 /* QXMessageView.app */;
			productType = "com.apple.product-type.application";
		};
/* End PBXNativeTarget section */

/* Begin PBXProject section */
		75FE3B071FEBD81200CFCC86 /* Project object */ = {
			isa = PBXProject;
			attributes = {
				LastSwiftUpdateCheck = 0910;
				LastUpgradeCheck = 0910;
				ORGANIZATIONNAME = labi3285_lab;
				TargetAttributes = {
					75FE3B0E1FEBD81200CFCC86 = {
						CreatedOnToolsVersion = 9.1;
						ProvisioningStyle = Automatic;
					};
				};
			};
			buildConfigurationList = 75FE3B0A1FEBD81200CFCC86 /* Build configuration list for PBXProject "QXMessageView" */;
			compatibilityVersion = "Xcode 8.0";
			developmentRegion = en;
			hasScannedForEncodings = 0;
			knownRegions = (
				en,
				Base,
			);
			mainGroup = 75FE3B061FEBD81200CFCC86;
			productRefGroup = 75FE3B101FEBD81200CFCC86 /* Products */;
			projectDirPath = "";
			projectRoot = "";
			targets = (
				75FE3B0E1FEBD81200CFCC86 /* QXMessageView */,
			);
		};
/* End PBXProject section */

/* Begin PBXResourcesBuildPhase section */
		75FE3B0D1FEBD81200CFCC86 /* Resources */ = {
			isa = PBXResourcesBuildPhase;
			buildActionMask = 2147483647;
			files = (
				75FE3B1D1FEBD81200CFCC86 /* LaunchScreen.storyboard in Resources */,
				75D6AD1F2005DB37008E76A3 /* QXMessageView.Demo.bundle in Resources */,
				75FE3B1A1FEBD81200CFCC86 /* Assets.xcassets in Resources */,
				75FE3B181FEBD81200CFCC86 /* Main.storyboard in Resources */,
			);
			runOnlyForDeploymentPostprocessing = 0;
		};
/* End PBXResourcesBuildPhase section */

/* Begin PBXSourcesBuildPhase section */
		75FE3B0B1FEBD81200CFCC86 /* Sources */ = {
			isa = PBXSourcesBuildPhase;
			buildActionMask = 2147483647;
			files = (
				75FE3B151FEBD81200CFCC86 /* ViewController.swift in Sources */,
				75D6AD202005DB37008E76A3 /* QXMessageView.Demos.swift in Sources */,
				75FE3B131FEBD81200CFCC86 /* AppDelegate.swift in Sources */,
				75D6AD212005DB37008E76A3 /* QXMessageView.swift in Sources */,
			);
			runOnlyForDeploymentPostprocessing = 0;
		};
/* End PBXSourcesBuildPhase section */

/* Begin PBXVariantGroup section */
		75FE3B161FEBD81200CFCC86 /* Main.storyboard */ = {
			isa = PBXVariantGroup;
			children = (
				75FE3B171FEBD81200CFCC86 /* Base */,
			);
			name = Main.storyboard;
			sourceTree = "<group>";
		};
		75FE3B1B1FEBD81200CFCC86 /* LaunchScreen.storyboard */ = {
			isa = PBXVariantGroup;
			children = (
				75FE3B1C1FEBD81200CFCC86 /* Base */,
			);
			name = LaunchScreen.storyboard;
			sourceTree = "<group>";
		};
/* End PBXVariantGroup section */

/* Begin XCBuildConfiguration section */
		75FE3B1F1FEBD81200CFCC86 /* Debug */ = {
			isa = XCBuildConfiguration;
			buildSettings = {
				ALWAYS_SEARCH_USER_PATHS = NO;
				CLANG_ANALYZER_NONNULL = YES;
				CLANG_ANALYZER_NUMBER_OBJECT_CONVERSION = YES_AGGRESSIVE;
				CLANG_CXX_LANGUAGE_STANDARD = "gnu++14";
				CLANG_CXX_LIBRARY = "libc++";
				CLANG_ENABLE_MODULES = YES;
				CLANG_ENABLE_OBJC_ARC = YES;
				CLANG_WARN_BLOCK_CAPTURE_AUTORELEASING = YES;
				CLANG_WARN_BOOL_CONVERSION = YES;
				CLANG_WARN_COMMA = YES;
				CLANG_WARN_CONSTANT_CONVERSION = YES;
				CLANG_WARN_DIRECT_OBJC_ISA_USAGE = YES_ERROR;
				CLANG_WARN_DOCUMENTATION_COMMENTS = YES;
				CLANG_WARN_EMPTY_BODY = YES;
				CLANG_WARN_ENUM_CONVERSION = YES;
				CLANG_WARN_INFINITE_RECURSION = YES;
				CLANG_WARN_INT_CONVERSION = YES;
				CLANG_WARN_NON_LITERAL_NULL_CONVERSION = YES;
				CLANG_WARN_OBJC_LITERAL_CONVERSION = YES;
				CLANG_WARN_OBJC_ROOT_CLASS = YES_ERROR;
				CLANG_WARN_RANGE_LOOP_ANALYSIS = YES;
				CLANG_WARN_STRICT_PROTOTYPES = YES;
				CLANG_WARN_SUSPICIOUS_MOVE = YES;
				CLANG_WARN_UNGUARDED_AVAILABILITY = YES_AGGRESSIVE;
				CLANG_WARN_UNREACHABLE_CODE = YES;
				CLANG_WARN__DUPLICATE_METHOD_MATCH = YES;
				CODE_SIGN_IDENTITY = "iPhone Developer";
				COPY_PHASE_STRIP = NO;
				DEBUG_INFORMATION_FORMAT = dwarf;
				ENABLE_STRICT_OBJC_MSGSEND = YES;
				ENABLE_TESTABILITY = YES;
				GCC_C_LANGUAGE_STANDARD = gnu11;
				GCC_DYNAMIC_NO_PIC = NO;
				GCC_NO_COMMON_BLOCKS = YES;
				GCC_OPTIMIZATION_LEVEL = 0;
				GCC_PREPROCESSOR_DEFINITIONS = (
					"DEBUG=1",
					"$(inherited)",
				);
				GCC_WARN_64_TO_32_BIT_CONVERSION = YES;
				GCC_WARN_ABOUT_RETURN_TYPE = YES_ERROR;
				GCC_WARN_UNDECLARED_SELECTOR = YES;
				GCC_WARN_UNINITIALIZED_AUTOS = YES_AGGRESSIVE;
				GCC_WARN_UNUSED_FUNCTION = YES;
				GCC_WARN_UNUSED_VARIABLE = YES;
				IPHONEOS_DEPLOYMENT_TARGET = 11.1;
				MTL_ENABLE_DEBUG_INFO = YES;
				ONLY_ACTIVE_ARCH = YES;
				SDKROOT = iphoneos;
				SWIFT_ACTIVE_COMPILATION_CONDITIONS = DEBUG;
				SWIFT_OPTIMIZATION_LEVEL = "-Onone";
			};
			name = Debug;
		};
		75FE3B201FEBD81200CFCC86 /* Release */ = {
			isa = XCBuildConfiguration;
			buildSettings = {
				ALWAYS_SEARCH_USER_PATHS = NO;
				CLANG_ANALYZER_NONNULL = YES;
				CLANG_ANALYZER_NUMBER_OBJECT_CONVERSION = YES_AGGRESSIVE;
				CLANG_CXX_LANGUAGE_STANDARD = "gnu++14";
				CLANG_CXX_LIBRARY = "libc++";
				CLANG_ENABLE_MODULES = YES;
				CLANG_ENABLE_OBJC_ARC = YES;
				CLANG_WARN_BLOCK_CAPTURE_AUTORELEASING = YES;
				CLANG_WARN_BOOL_CONVERSION = YES;
				CLANG_WARN_COMMA = YES;
				CLANG_WARN_CONSTANT_CONVERSION = YES;
				CLANG_WARN_DIRECT_OBJC_ISA_USAGE = YES_ERROR;
				CLANG_WARN_DOCUMENTATION_COMMENTS = YES;
				CLANG_WARN_EMPTY_BODY = YES;
				CLANG_WARN_ENUM_CONVERSION = YES;
				CLANG_WARN_INFINITE_RECURSION = YES;
				CLANG_WARN_INT_CONVERSION = YES;
				CLANG_WARN_NON_LITERAL_NULL_CONVERSION = YES;
				CLANG_WARN_OBJC_LITERAL_CONVERSION = YES;
				CLANG_WARN_OBJC_ROOT_CLASS = YES_ERROR;
				CLANG_WARN_RANGE_LOOP_ANALYSIS = YES;
				CLANG_WARN_STRICT_PROTOTYPES = YES;
				CLANG_WARN_SUSPICIOUS_MOVE = YES;
				CLANG_WARN_UNGUARDED_AVAILABILITY = YES_AGGRESSIVE;
				CLANG_WARN_UNREACHABLE_CODE = YES;
				CLANG_WARN__DUPLICATE_METHOD_MATCH = YES;
				CODE_SIGN_IDENTITY = "iPhone Developer";
				COPY_PHASE_STRIP = NO;
				DEBUG_INFORMATION_FORMAT = "dwarf-with-dsym";
				ENABLE_NS_ASSERTIONS = NO;
				ENABLE_STRICT_OBJC_MSGSEND = YES;
				GCC_C_LANGUAGE_STANDARD = gnu11;
				GCC_NO_COMMON_BLOCKS = YES;
				GCC_WARN_64_TO_32_BIT_CONVERSION = YES;
				GCC_WARN_ABOUT_RETURN_TYPE = YES_ERROR;
				GCC_WARN_UNDECLARED_SELECTOR = YES;
				GCC_WARN_UNINITIALIZED_AUTOS = YES_AGGRESSIVE;
				GCC_WARN_UNUSED_FUNCTION = YES;
				GCC_WARN_UNUSED_VARIABLE = YES;
				IPHONEOS_DEPLOYMENT_TARGET = 11.1;
				MTL_ENABLE_DEBUG_INFO = NO;
				SDKROOT = iphoneos;
				SWIFT_OPTIMIZATION_LEVEL = "-Owholemodule";
				VALIDATE_PRODUCT = YES;
			};
			name = Release;
		};
		75FE3B221FEBD81200CFCC86 /* Debug */ = {
			isa = XCBuildConfiguration;
			buildSettings = {
				ASSETCATALOG_COMPILER_APPICON_NAME = AppIcon;
				CODE_SIGN_STYLE = Automatic;
				INFOPLIST_FILE = QXMessageView/Info.plist;
				LD_RUNPATH_SEARCH_PATHS = "$(inherited) @executable_path/Frameworks";
				PRODUCT_BUNDLE_IDENTIFIER = "labi3285-lab.QXMessageView";
				PRODUCT_NAME = "$(TARGET_NAME)";
				SWIFT_VERSION = 4.0;
				TARGETED_DEVICE_FAMILY = "1,2";
			};
			name = Debug;
		};
		75FE3B231FEBD81200CFCC86 /* Release */ = {
			isa = XCBuildConfiguration;
			buildSettings = {
				ASSETCATALOG_COMPILER_APPICON_NAME = AppIcon;
				CODE_SIGN_STYLE = Automatic;
				INFOPLIST_FILE = QXMessageView/Info.plist;
				LD_RUNPATH_SEARCH_PATHS = "$(inherited) @executable_path/Frameworks";
				PRODUCT_BUNDLE_IDENTIFIER = "labi3285-lab.QXMessageView";
				PRODUCT_NAME = "$(TARGET_NAME)";
				SWIFT_VERSION = 4.0;
				TARGETED_DEVICE_FAMILY = "1,2";
			};
			name = Release;
		};
/* End XCBuildConfiguration section */

/* Begin XCConfigurationList section */
		75FE3B0A1FEBD81200CFCC86 /* Build configuration list for PBXProject "QXMessageView" */ = {
			isa = XCConfigurationList;
			buildConfigurations = (
				75FE3B1F1FEBD81200CFCC86 /* Debug */,
				75FE3B201FEBD81200CFCC86 /* Release */,
			);
			defaultConfigurationIsVisible = 0;
			defaultConfigurationName = Release;
		};
		75FE3B211FEBD81200CFCC86 /* Build configuration list for PBXNativeTarget "QXMessageView" */ = {
			isa = XCConfigurationList;
			buildConfigurations = (
				75FE3B221FEBD81200CFCC86 /* Debug */,
				75FE3B231FEBD81200CFCC86 /* Release */,
			);
			defaultConfigurationIsVisible = 0;
			defaultConfigurationName = Release;
		};
/* End XCConfigurationList section */
	};
	rootObject = 75FE3B071FEBD81200CFCC86 /* Project object */;
}
